
Microsoft Visual Studio Solution File, Format Version 12.00
Project("{2150E333-8FDC-42A3-9474-1A3956D46DE8}") = "src", "src", "{185A609E-0611-42A3-8196-A506A566A38B}"
EndProject
Project("{FAE04EC0-301F-11D3-BF4B-00C04F79EFBC}") = "ShadowPet.Core", "src\ShadowPet.Core\ShadowPet.Core.csproj", "{A3012068-FB58-42DB-8789-49038A116531}"
EndProject
Project("{FAE04EC0-301F-11D3-BF4B-00C04F79EFBC}") = "ShadowPet.Desktop", "src\ShadowPet.Desktop\ShadowPet.Desktop.csproj", "{3B461D05-C739-42E5-A773-BBBCC26D43C8}"
EndProject
Global
	GlobalSection(SolutionConfigurationPlatforms) = preSolution
		Debug|Any CPU = Debug|Any CPU
		Release|Any CPU = Release|Any CPU
	EndGlobalSection
	GlobalSection(NestedProjects) = preSolution
		{A3012068-FB58-42DB-8789-49038A116531} = {185A609E-0611-42A3-8196-A506A566A38B}
		{3B461D05-C739-42E5-A773-BBBCC26D43C8} = {185A609E-0611-42A3-8196-A506A566A38B}
	EndGlobalSection
	GlobalSection(ProjectConfigurationPlatforms) = postSolution
		{A3012068-FB58-42DB-8789-49038A116531}.Debug|Any CPU.ActiveCfg = Debug|Any CPU
		{A3012068-FB58-42DB-8789-49038A116531}.Debug|Any CPU.Build.0 = Debug|Any CPU
		{A3012068-FB58-42DB-8789-49038A116531}.Release|Any CPU.ActiveCfg = Release|Any CPU
		{A3012068-FB58-42DB-8789-49038A116531}.Release|Any CPU.Build.0 = Release|Any CPU
		{3B461D05-C739-42E5-A773-BBBCC26D43C8}.Debug|Any CPU.ActiveCfg = Debug|Any CPU
		{3B461D05-C739-42E5-A773-BBBCC26D43C8}.Debug|Any CPU.Build.0 = Debug|Any CPU
		{3B461D05-C739-42E5-A773-BBBCC26D43C8}.Release|Any CPU.ActiveCfg = Release|Any CPU
		{3B461D05-C739-42E5-A773-BBBCC26D43C8}.Release|Any CPU.Build.0 = Release|Any CPU
	EndGlobalSection
EndGlobal
